
Microsoft Visual Studio Solution File, Format Version 12.00
# Visual Studio Version 17
VisualStudioVersion = 17.8.34511.84
MinimumVisualStudioVersion = 10.0.40219.1
Project("{FAE04EC0-301F-11D3-BF4B-00C04F79EFBC}") = "FacturaPrueba", "FacturaPrueba\FacturaPrueba.csproj", "{654422AD-B28C-42DD-B72D-FA9421F50E47}"
EndProject
Global
	GlobalSection(SolutionConfigurationPlatforms) = preSolution
		Debug|Any CPU = Debug|Any CPU
		Release|Any CPU = Release|Any CPU
	EndGlobalSection
	GlobalSection(ProjectConfigurationPlatforms) = postSolution
		{654422AD-B28C-42DD-B72D-FA9421F50E47}.Debug|Any CPU.ActiveCfg = Debug|Any CPU
		{654422AD-B28C-42DD-B72D-FA9421F50E47}.Debug|Any CPU.Build.0 = Debug|Any CPU
		{654422AD-B28C-42DD-B72D-FA9421F50E47}.Release|Any CPU.ActiveCfg = Release|Any CPU
		{654422AD-B28C-42DD-B72D-FA9421F50E47}.Release|Any CPU.Build.0 = Release|Any CPU
	EndGlobalSection
	GlobalSection(SolutionProperties) = preSolution
		HideSolutionNode = FALSE
	EndGlobalSection
	GlobalSection(ExtensibilityGlobals) = postSolution
		SolutionGuid = {7B97AE12-5DFE-4392-8449-C02A143AFB0F}
	EndGlobalSection
EndGlobal
